
Microsoft Visual Studio Solution File, Format Version 12.00
# Visual Studio 15
VisualStudioVersion = 15.0.26403.7
MinimumVisualStudioVersion = 10.0.40219.1
Project("{FAE04EC0-301F-11D3-BF4B-00C04F79EFBC}") = "RayTracer", "RayTracer\RayTracer.csproj", "{64E01137-DF74-4C77-A198-162D476B0B06}"
EndProject
Project("{FAE04EC0-301F-11D3-BF4B-00C04F79EFBC}") = "Preview", "Preview\Preview.csproj", "{0AA5AF95-7B75-44C4-AF18-043D2AAF0DDE}"
EndProject
Project("{FAE04EC0-301F-11D3-BF4B-00C04F79EFBC}") = "Renderer", "Renderer\Renderer.csproj", "{5BBB6FE7-5E3D-4F57-8874-B888C4CB83CA}"
EndProject
Global
	GlobalSection(SolutionConfigurationPlatforms) = preSolution
		Debug|Any CPU = Debug|Any CPU
		Release|Any CPU = Release|Any CPU
	EndGlobalSection
	GlobalSection(ProjectConfigurationPlatforms) = postSolution
		{64E01137-DF74-4C77-A198-162D476B0B06}.Debug|Any CPU.ActiveCfg = Debug|Any CPU
		{64E01137-DF74-4C77-A198-162D476B0B06}.Debug|Any CPU.Build.0 = Debug|Any CPU
		{64E01137-DF74-4C77-A198-162D476B0B06}.Release|Any CPU.ActiveCfg = Release|Any CPU
		{64E01137-DF74-4C77-A198-162D476B0B06}.Release|Any CPU.Build.0 = Release|Any CPU
		{0AA5AF95-7B75-44C4-AF18-043D2AAF0DDE}.Debug|Any CPU.ActiveCfg = Debug|Any CPU
		{0AA5AF95-7B75-44C4-AF18-043D2AAF0DDE}.Debug|Any CPU.Build.0 = Debug|Any CPU
		{0AA5AF95-7B75-44C4-AF18-043D2AAF0DDE}.Release|Any CPU.ActiveCfg = Release|Any CPU
		{0AA5AF95-7B75-44C4-AF18-043D2AAF0DDE}.Release|Any CPU.Build.0 = Release|Any CPU
		{5BBB6FE7-5E3D-4F57-8874-B888C4CB83CA}.Debug|Any CPU.ActiveCfg = Debug|Any CPU
		{5BBB6FE7-5E3D-4F57-8874-B888C4CB83CA}.Debug|Any CPU.Build.0 = Debug|Any CPU
		{5BBB6FE7-5E3D-4F57-8874-B888C4CB83CA}.Release|Any CPU.ActiveCfg = Release|Any CPU
		{5BBB6FE7-5E3D-4F57-8874-B888C4CB83CA}.Release|Any CPU.Build.0 = Release|Any CPU
	EndGlobalSection
	GlobalSection(SolutionProperties) = preSolution
		HideSolutionNode = FALSE
	EndGlobalSection
EndGlobal
