
Microsoft Visual Studio Solution File, Format Version 12.00
# Visual Studio 15
VisualStudioVersion = 15.0.26403.7
MinimumVisualStudioVersion = 10.0.40219.1
Project("{D954291E-2A0B-460D-934E-DC6B0785DB48}") = "RayTracer", "RayTracer\RayTracer.shproj", "{24EF211D-176A-4D6E-8557-D68F33260B77}"
EndProject
Global
	GlobalSection(SharedMSBuildProjectFiles) = preSolution
		RayTracer\RayTracer.projitems*{24ef211d-176a-4d6e-8557-d68f33260b77}*SharedItemsImports = 13
	EndGlobalSection
	GlobalSection(SolutionProperties) = preSolution
		HideSolutionNode = FALSE
	EndGlobalSection
EndGlobal
